
Microsoft Visual Studio Solution File, Format Version 12.00
# Visual Studio Version 17
VisualStudioVersion = 17.11.35327.3
MinimumVisualStudioVersion = 10.0.40219.1
Project("{9A19103F-16F7-4668-BE54-9A1E7A4F7556}") = "ex01", "ex01\ex01.csproj", "{BA3CED77-D475-4442-8C0D-726DA805AB9A}"
EndProject
Project("{9A19103F-16F7-4668-BE54-9A1E7A4F7556}") = "ex02", "ex02\ex02.csproj", "{EEFAB94C-6202-400E-8B63-30B6BACBB25D}"
EndProject
Project("{9A19103F-16F7-4668-BE54-9A1E7A4F7556}") = "ex03", "ex03\ex03.csproj", "{C3F58539-E5EB-4156-B0F6-8B60D1405DEF}"
EndProject
Project("{9A19103F-16F7-4668-BE54-9A1E7A4F7556}") = "ex04", "ex04\ex04.csproj", "{89C3F4BA-B18E-4D29-B145-CDC767B650C6}"
EndProject
Project("{FAE04EC0-301F-11D3-BF4B-00C04F79EFBC}") = "ex05", "ex05\ex05.csproj", "{CF565DDE-6199-468C-95FE-423B1D9480CD}"
EndProject
Global
	GlobalSection(SolutionConfigurationPlatforms) = preSolution
		Debug|Any CPU = Debug|Any CPU
		Release|Any CPU = Release|Any CPU
	EndGlobalSection
	GlobalSection(ProjectConfigurationPlatforms) = postSolution
		{BA3CED77-D475-4442-8C0D-726DA805AB9A}.Debug|Any CPU.ActiveCfg = Debug|Any CPU
		{BA3CED77-D475-4442-8C0D-726DA805AB9A}.Debug|Any CPU.Build.0 = Debug|Any CPU
		{BA3CED77-D475-4442-8C0D-726DA805AB9A}.Release|Any CPU.ActiveCfg = Release|Any CPU
		{BA3CED77-D475-4442-8C0D-726DA805AB9A}.Release|Any CPU.Build.0 = Release|Any CPU
		{EEFAB94C-6202-400E-8B63-30B6BACBB25D}.Debug|Any CPU.ActiveCfg = Debug|Any CPU
		{EEFAB94C-6202-400E-8B63-30B6BACBB25D}.Debug|Any CPU.Build.0 = Debug|Any CPU
		{EEFAB94C-6202-400E-8B63-30B6BACBB25D}.Release|Any CPU.ActiveCfg = Release|Any CPU
		{EEFAB94C-6202-400E-8B63-30B6BACBB25D}.Release|Any CPU.Build.0 = Release|Any CPU
		{C3F58539-E5EB-4156-B0F6-8B60D1405DEF}.Debug|Any CPU.ActiveCfg = Debug|Any CPU
		{C3F58539-E5EB-4156-B0F6-8B60D1405DEF}.Debug|Any CPU.Build.0 = Debug|Any CPU
		{C3F58539-E5EB-4156-B0F6-8B60D1405DEF}.Release|Any CPU.ActiveCfg = Release|Any CPU
		{C3F58539-E5EB-4156-B0F6-8B60D1405DEF}.Release|Any CPU.Build.0 = Release|Any CPU
		{89C3F4BA-B18E-4D29-B145-CDC767B650C6}.Debug|Any CPU.ActiveCfg = Debug|Any CPU
		{89C3F4BA-B18E-4D29-B145-CDC767B650C6}.Debug|Any CPU.Build.0 = Debug|Any CPU
		{89C3F4BA-B18E-4D29-B145-CDC767B650C6}.Release|Any CPU.ActiveCfg = Release|Any CPU
		{89C3F4BA-B18E-4D29-B145-CDC767B650C6}.Release|Any CPU.Build.0 = Release|Any CPU
		{CF565DDE-6199-468C-95FE-423B1D9480CD}.Debug|Any CPU.ActiveCfg = Debug|Any CPU
		{CF565DDE-6199-468C-95FE-423B1D9480CD}.Debug|Any CPU.Build.0 = Debug|Any CPU
		{CF565DDE-6199-468C-95FE-423B1D9480CD}.Release|Any CPU.ActiveCfg = Release|Any CPU
		{CF565DDE-6199-468C-95FE-423B1D9480CD}.Release|Any CPU.Build.0 = Release|Any CPU
	EndGlobalSection
	GlobalSection(SolutionProperties) = preSolution
		HideSolutionNode = FALSE
	EndGlobalSection
	GlobalSection(ExtensibilityGlobals) = postSolution
		SolutionGuid = {9EDAE86D-9CA6-4E35-A429-F708E5EBD04A}
	EndGlobalSection
EndGlobal
